
Microsoft Visual Studio Solution File, Format Version 12.00
# Visual Studio Version 17
VisualStudioVersion = 17.1.31911.260
MinimumVisualStudioVersion = 10.0.40219.1
Project("{D954291E-2A0B-460D-934E-DC6B0785DB48}") = "WalkerSim", "WalkerSim\WalkerSim.shproj", "{8BD1723C-67B3-45A9-B177-FEB49F2407D8}"
EndProject
Project("{FAE04EC0-301F-11D3-BF4B-00C04F79EFBC}") = "Mod", "Mod\Mod.csproj", "{5E392257-9B08-4E5E-8ED3-9FF143A25CCF}"
EndProject
Project("{2150E333-8FDC-42A3-9474-1A3956D46DE8}") = "Solution Items", "Solution Items", "{0026D5CF-C0FC-4CEB-9C65-3904B49CC2FE}"
	ProjectSection(SolutionItems) = preProject
		.editorconfig = .editorconfig
	EndProjectSection
EndProject
Project("{9A19103F-16F7-4668-BE54-9A1E7A4F7556}") = "Viewer", "Viewer\Viewer.csproj", "{258B8672-A6F8-4ACD-A360-87DA75FD0D14}"
EndProject
Global
	GlobalSection(SolutionConfigurationPlatforms) = preSolution
		Debug|Any CPU = Debug|Any CPU
		Release|Any CPU = Release|Any CPU
	EndGlobalSection
	GlobalSection(ProjectConfigurationPlatforms) = postSolution
		{5E392257-9B08-4E5E-8ED3-9FF143A25CCF}.Debug|Any CPU.ActiveCfg = Debug|Any CPU
		{5E392257-9B08-4E5E-8ED3-9FF143A25CCF}.Debug|Any CPU.Build.0 = Debug|Any CPU
		{5E392257-9B08-4E5E-8ED3-9FF143A25CCF}.Release|Any CPU.ActiveCfg = Release|Any CPU
		{5E392257-9B08-4E5E-8ED3-9FF143A25CCF}.Release|Any CPU.Build.0 = Release|Any CPU
		{258B8672-A6F8-4ACD-A360-87DA75FD0D14}.Debug|Any CPU.ActiveCfg = Debug|Any CPU
		{258B8672-A6F8-4ACD-A360-87DA75FD0D14}.Debug|Any CPU.Build.0 = Debug|Any CPU
		{258B8672-A6F8-4ACD-A360-87DA75FD0D14}.Release|Any CPU.ActiveCfg = Release|Any CPU
		{258B8672-A6F8-4ACD-A360-87DA75FD0D14}.Release|Any CPU.Build.0 = Release|Any CPU
	EndGlobalSection
	GlobalSection(SolutionProperties) = preSolution
		HideSolutionNode = FALSE
	EndGlobalSection
	GlobalSection(ExtensibilityGlobals) = postSolution
		SolutionGuid = {790006B6-DE97-49CD-BBEC-2B577BC2AF96}
	EndGlobalSection
	GlobalSection(SharedMSBuildProjectFiles) = preSolution
		WalkerSim\WalkerSim.projitems*{258b8672-a6f8-4acd-a360-87da75fd0d14}*SharedItemsImports = 5
		WalkerSim\WalkerSim.projitems*{5e392257-9b08-4e5e-8ed3-9ff143a25ccf}*SharedItemsImports = 4
		WalkerSim\WalkerSim.projitems*{8bd1723c-67b3-45a9-b177-feb49f2407d8}*SharedItemsImports = 13
	EndGlobalSection
EndGlobal
